
Microsoft Visual Studio Solution File, Format Version 12.00
# Visual Studio Version 17
VisualStudioVersion = 17.12.35707.178
MinimumVisualStudioVersion = 10.0.40219.1
Project("{2150E333-8FDC-42A3-9474-1A3956D46DE8}") = "Task0", "Task0", "{96B5AC83-22FF-4108-904B-626AF115BFEE}"
EndProject
Project("{FAE04EC0-301F-11D3-BF4B-00C04F79EFBC}") = "Tyuiu.GalimovAA.Sprint6.Task0.V23", "Tyuiu.GalimovAA.Sprint6.Task0.V23\Tyuiu.GalimovAA.Sprint6.Task0.V23.csproj", "{15861C53-DF9D-45C0-A6FD-77E09E168B1F}"
EndProject
Project("{FAE04EC0-301F-11D3-BF4B-00C04F79EFBC}") = "Tyuiu.GalimovAA.Sprint6.Task0.V23.Lib", "Tyuiu.GalimovAA.Sprint6.Task0.V23.Lib\Tyuiu.GalimovAA.Sprint6.Task0.V23.Lib.csproj", "{CE03CB2E-0824-40BF-820F-D7FCC56EF689}"
EndProject
Project("{FAE04EC0-301F-11D3-BF4B-00C04F79EFBC}") = "Tyuiu.GalimovAA.Sprint6.Task0.V23.Test", "Tyuiu.GalimovAA.Sprint6.Task0.V23.Test\Tyuiu.GalimovAA.Sprint6.Task0.V23.Test.csproj", "{745C9394-8B95-4469-A9AF-0AEC26C3986B}"
EndProject
Project("{2150E333-8FDC-42A3-9474-1A3956D46DE8}") = "Task1", "Task1", "{2A522F05-17E0-4B51-9DC0-0A295225D719}"
EndProject
Project("{FAE04EC0-301F-11D3-BF4B-00C04F79EFBC}") = "Tyuiu.GalimovAA.Sprint6.Task1.V13", "Tyuiu.GalimovAA.Sprint6.Task1.V13\Tyuiu.GalimovAA.Sprint6.Task1.V13.csproj", "{68658A7C-0282-4AAE-BB25-69B92BE2E590}"
EndProject
Project("{FAE04EC0-301F-11D3-BF4B-00C04F79EFBC}") = "Tyuiu.GalimovAA.Sprint6.Task1.V13.Lib", "Tyuiu.GalimovAA.Sprint6.Task1.V13.Lib\Tyuiu.GalimovAA.Sprint6.Task1.V13.Lib.csproj", "{A78B0FE8-7822-4478-8170-CD7A16ECB49E}"
EndProject
Project("{FAE04EC0-301F-11D3-BF4B-00C04F79EFBC}") = "Tyuiu.GalimovAA.Sprint6.Task1.V13.Test", "Tyuiu.GalimovAA.Sprint6.Task1.V13.Test\Tyuiu.GalimovAA.Sprint6.Task1.V13.Test.csproj", "{FAB36186-5F0B-4A89-A9D6-B50CAD23D316}"
EndProject
Project("{2150E333-8FDC-42A3-9474-1A3956D46DE8}") = "Task2", "Task2", "{73108C91-4D54-4E37-BFB7-8E78DCEC4EC3}"
EndProject
Project("{FAE04EC0-301F-11D3-BF4B-00C04F79EFBC}") = "Tyuiu.GalimovAA.Sprint6.Task2.V17", "Tyuiu.GalimovAA.Sprint6.Task2.V17\Tyuiu.GalimovAA.Sprint6.Task2.V17.csproj", "{33A473B7-4DD0-4BF0-B378-689B58065D9C}"
EndProject
Project("{FAE04EC0-301F-11D3-BF4B-00C04F79EFBC}") = "Tyuiu.GalimovAA.Sprint6.Task2.V17.Lib", "Tyuiu.GalimovAA.Sprint6.Task2.V17.Lib\Tyuiu.GalimovAA.Sprint6.Task2.V17.Lib.csproj", "{CAE13E7C-B1AD-456C-9D1D-E0ADDF246532}"
EndProject
Project("{FAE04EC0-301F-11D3-BF4B-00C04F79EFBC}") = "Tyuiu.GalimovAA.Sprint6.Task2.V17.Test", "Tyuiu.GalimovAA.Sprint6.Task2.V17.Test\Tyuiu.GalimovAA.Sprint6.Task2.V17.Test.csproj", "{90ACEB94-9B13-4BE1-B3AC-EBA9AF9F8CC0}"
EndProject
Project("{2150E333-8FDC-42A3-9474-1A3956D46DE8}") = "Task3", "Task3", "{3757BB85-C971-4CEB-822E-B4D82399F790}"
EndProject
Project("{FAE04EC0-301F-11D3-BF4B-00C04F79EFBC}") = "Tyuiu.GalimovAA.Sprint6.Task3.V2", "Tyuiu.GalimovAA.Sprint6.Task3.V2\Tyuiu.GalimovAA.Sprint6.Task3.V2.csproj", "{4B2084F8-77F8-4BAD-A3B6-C6737F709141}"
EndProject
Project("{FAE04EC0-301F-11D3-BF4B-00C04F79EFBC}") = "Tyuiu.GalimovAA.Sprint6.Task3.V2.Lib", "Tyuiu.GalimovAA.Sprint6.Task3.V2.Lib\Tyuiu.GalimovAA.Sprint6.Task3.V2.Lib.csproj", "{7AFF1F94-961C-48E8-9447-478158E75A7F}"
EndProject
Project("{FAE04EC0-301F-11D3-BF4B-00C04F79EFBC}") = "Tyuiu.GalimovAA.Sprint6.Task3.V2.Test", "Tyuiu.GalimovAA.Sprint6.Task3.V2.Test\Tyuiu.GalimovAA.Sprint6.Task3.V2.Test.csproj", "{78699405-7631-4081-96D4-5886E4F380EF}"
EndProject
Project("{2150E333-8FDC-42A3-9474-1A3956D46DE8}") = "Task4", "Task4", "{8344A761-2B76-4103-B425-CEA7A98CD285}"
EndProject
Project("{FAE04EC0-301F-11D3-BF4B-00C04F79EFBC}") = "Tyuiu.GalimovAA.Sprint6.Task4.V3", "Tyuiu.GalimovAA.Sprint6.Task4.V3\Tyuiu.GalimovAA.Sprint6.Task4.V3.csproj", "{1257F1DC-2AC2-4C4B-ADD5-D4DC2BADFF66}"
EndProject
Project("{FAE04EC0-301F-11D3-BF4B-00C04F79EFBC}") = "Tyuiu.GalimovAA.Sprint6.Task4.V3.Lib", "Tyuiu.GalimovAA.Sprint6.Task4.V3.Lib\Tyuiu.GalimovAA.Sprint6.Task4.V3.Lib.csproj", "{7E0A93AE-084A-4AEF-852C-21BF5CB6DCA5}"
EndProject
Project("{FAE04EC0-301F-11D3-BF4B-00C04F79EFBC}") = "Tyuiu.GalimovAA.Sprint6.Task4.V3.Test", "Tyuiu.GalimovAA.Sprint6.Task4.V3.Test\Tyuiu.GalimovAA.Sprint6.Task4.V3.Test.csproj", "{AFB753E5-894E-4064-B205-1263364061B6}"
EndProject
Project("{2150E333-8FDC-42A3-9474-1A3956D46DE8}") = "Task5", "Task5", "{CCBAE207-1633-4F25-8B22-2A9A9C1DCEEC}"
EndProject
Project("{FAE04EC0-301F-11D3-BF4B-00C04F79EFBC}") = "Tyuiu.GalimovAA.Sprint6.Task5.V11", "Tyuiu.GalimovAA.Sprint6.Task5.V11\Tyuiu.GalimovAA.Sprint6.Task5.V11.csproj", "{385C1A53-B40B-4F4A-B4C0-92DE1A4A748C}"
EndProject
Project("{FAE04EC0-301F-11D3-BF4B-00C04F79EFBC}") = "Tyuiu.GalimovAA.Sprint6.Task5.V11.Lib", "Tyuiu.GalimovAA.Sprint6.Task5.V11.Lib\Tyuiu.GalimovAA.Sprint6.Task5.V11.Lib.csproj", "{019EE6D4-601A-4E52-8F6E-15E69B725FA6}"
EndProject
Project("{FAE04EC0-301F-11D3-BF4B-00C04F79EFBC}") = "Tyuiu.GalimovAA.Sprint6.Task5.V11.Test", "Tyuiu.GalimovAA.Sprint6.Task5.V11.Test\Tyuiu.GalimovAA.Sprint6.Task5.V11.Test.csproj", "{DB5DEDF9-9B5B-4B96-9C35-4CE691D6EE04}"
EndProject
Project("{2150E333-8FDC-42A3-9474-1A3956D46DE8}") = "Task6", "Task6", "{E33473A5-A346-48F0-8AF1-4D5366738490}"
EndProject
Project("{FAE04EC0-301F-11D3-BF4B-00C04F79EFBC}") = "Tyuiu.GalimovAA.Sprint6.Task6.V14", "Tyuiu.GalimovAA.Sprint6.Task6.V14\Tyuiu.GalimovAA.Sprint6.Task6.V14.csproj", "{EE004535-D66A-4059-97BA-D97B9E082A4C}"
EndProject
Project("{FAE04EC0-301F-11D3-BF4B-00C04F79EFBC}") = "Tyuiu.GalimovAA.Sprint6.Task6.V14.Lib", "Tyuiu.GalimovAA.Sprint6.Task6.V14.Lib\Tyuiu.GalimovAA.Sprint6.Task6.V14.Lib.csproj", "{970B455B-BBA0-4AD5-B0AE-72118399DF18}"
EndProject
Project("{FAE04EC0-301F-11D3-BF4B-00C04F79EFBC}") = "Tyuiu.GalimovAA.Sprint6.Task6.V14.Test", "Tyuiu.GalimovAA.Sprint6.Task6.V14.Test\Tyuiu.GalimovAA.Sprint6.Task6.V14.Test.csproj", "{50C68C5E-3C20-470E-B538-AE7452904B47}"
EndProject
Project("{2150E333-8FDC-42A3-9474-1A3956D46DE8}") = "Task7", "Task7", "{02EA681E-C7D8-13C7-8484-4AC65E1B71E8}"
EndProject
Project("{FAE04EC0-301F-11D3-BF4B-00C04F79EFBC}") = "Tyuiu.GalimovAA.Sprint6.Task7.V16", "Tyuiu.GalimovAA.Sprint6.Task7.V16\Tyuiu.GalimovAA.Sprint6.Task7.V16.csproj", "{A0EFA04E-C65F-4741-99D5-48EB59AB1D93}"
EndProject
Project("{FAE04EC0-301F-11D3-BF4B-00C04F79EFBC}") = "Tyuiu.GalimovAA.Sprint6.Task7.V16.Lib", "Tyuiu.GalimovAA.Sprint6.Task7.V16.Lib\Tyuiu.GalimovAA.Sprint6.Task7.V16.Lib.csproj", "{D440D4B5-159D-40B3-9FA2-AA7C14660D97}"
EndProject
Project("{FAE04EC0-301F-11D3-BF4B-00C04F79EFBC}") = "Tyuiu.GalimovAA.Sprint6.Task7.V16.Test", "Tyuiu.GalimovAA.Sprint6.Task7.V16.Test\Tyuiu.GalimovAA.Sprint6.Task7.V16.Test.csproj", "{929B85E2-1204-438C-AEE2-53C7BB8AC4AB}"
EndProject
Global
	GlobalSection(SolutionConfigurationPlatforms) = preSolution
		Debug|Any CPU = Debug|Any CPU
		Release|Any CPU = Release|Any CPU
	EndGlobalSection
	GlobalSection(ProjectConfigurationPlatforms) = postSolution
		{15861C53-DF9D-45C0-A6FD-77E09E168B1F}.Debug|Any CPU.ActiveCfg = Debug|Any CPU
		{15861C53-DF9D-45C0-A6FD-77E09E168B1F}.Debug|Any CPU.Build.0 = Debug|Any CPU
		{15861C53-DF9D-45C0-A6FD-77E09E168B1F}.Release|Any CPU.ActiveCfg = Release|Any CPU
		{15861C53-DF9D-45C0-A6FD-77E09E168B1F}.Release|Any CPU.Build.0 = Release|Any CPU
		{CE03CB2E-0824-40BF-820F-D7FCC56EF689}.Debug|Any CPU.ActiveCfg = Debug|Any CPU
		{CE03CB2E-0824-40BF-820F-D7FCC56EF689}.Debug|Any CPU.Build.0 = Debug|Any CPU
		{CE03CB2E-0824-40BF-820F-D7FCC56EF689}.Release|Any CPU.ActiveCfg = Release|Any CPU
		{CE03CB2E-0824-40BF-820F-D7FCC56EF689}.Release|Any CPU.Build.0 = Release|Any CPU
		{745C9394-8B95-4469-A9AF-0AEC26C3986B}.Debug|Any CPU.ActiveCfg = Debug|Any CPU
		{745C9394-8B95-4469-A9AF-0AEC26C3986B}.Debug|Any CPU.Build.0 = Debug|Any CPU
		{745C9394-8B95-4469-A9AF-0AEC26C3986B}.Release|Any CPU.ActiveCfg = Release|Any CPU
		{745C9394-8B95-4469-A9AF-0AEC26C3986B}.Release|Any CPU.Build.0 = Release|Any CPU
		{68658A7C-0282-4AAE-BB25-69B92BE2E590}.Debug|Any CPU.ActiveCfg = Debug|Any CPU
		{68658A7C-0282-4AAE-BB25-69B92BE2E590}.Debug|Any CPU.Build.0 = Debug|Any CPU
		{68658A7C-0282-4AAE-BB25-69B92BE2E590}.Release|Any CPU.ActiveCfg = Release|Any CPU
		{68658A7C-0282-4AAE-BB25-69B92BE2E590}.Release|Any CPU.Build.0 = Release|Any CPU
		{A78B0FE8-7822-4478-8170-CD7A16ECB49E}.Debug|Any CPU.ActiveCfg = Debug|Any CPU
		{A78B0FE8-7822-4478-8170-CD7A16ECB49E}.Debug|Any CPU.Build.0 = Debug|Any CPU
		{A78B0FE8-7822-4478-8170-CD7A16ECB49E}.Release|Any CPU.ActiveCfg = Release|Any CPU
		{A78B0FE8-7822-4478-8170-CD7A16ECB49E}.Release|Any CPU.Build.0 = Release|Any CPU
		{FAB36186-5F0B-4A89-A9D6-B50CAD23D316}.Debug|Any CPU.ActiveCfg = Debug|Any CPU
		{FAB36186-5F0B-4A89-A9D6-B50CAD23D316}.Debug|Any CPU.Build.0 = Debug|Any CPU
		{FAB36186-5F0B-4A89-A9D6-B50CAD23D316}.Release|Any CPU.ActiveCfg = Release|Any CPU
		{FAB36186-5F0B-4A89-A9D6-B50CAD23D316}.Release|Any CPU.Build.0 = Release|Any CPU
		{33A473B7-4DD0-4BF0-B378-689B58065D9C}.Debug|Any CPU.ActiveCfg = Debug|Any CPU
		{33A473B7-4DD0-4BF0-B378-689B58065D9C}.Debug|Any CPU.Build.0 = Debug|Any CPU
		{33A473B7-4DD0-4BF0-B378-689B58065D9C}.Release|Any CPU.ActiveCfg = Release|Any CPU
		{33A473B7-4DD0-4BF0-B378-689B58065D9C}.Release|Any CPU.Build.0 = Release|Any CPU
		{CAE13E7C-B1AD-456C-9D1D-E0ADDF246532}.Debug|Any CPU.ActiveCfg = Debug|Any CPU
		{CAE13E7C-B1AD-456C-9D1D-E0ADDF246532}.Debug|Any CPU.Build.0 = Debug|Any CPU
		{CAE13E7C-B1AD-456C-9D1D-E0ADDF246532}.Release|Any CPU.ActiveCfg = Release|Any CPU
		{CAE13E7C-B1AD-456C-9D1D-E0ADDF246532}.Release|Any CPU.Build.0 = Release|Any CPU
		{90ACEB94-9B13-4BE1-B3AC-EBA9AF9F8CC0}.Debug|Any CPU.ActiveCfg = Debug|Any CPU
		{90ACEB94-9B13-4BE1-B3AC-EBA9AF9F8CC0}.Debug|Any CPU.Build.0 = Debug|Any CPU
		{90ACEB94-9B13-4BE1-B3AC-EBA9AF9F8CC0}.Release|Any CPU.ActiveCfg = Release|Any CPU
		{90ACEB94-9B13-4BE1-B3AC-EBA9AF9F8CC0}.Release|Any CPU.Build.0 = Release|Any CPU
		{4B2084F8-77F8-4BAD-A3B6-C6737F709141}.Debug|Any CPU.ActiveCfg = Debug|Any CPU
		{4B2084F8-77F8-4BAD-A3B6-C6737F709141}.Debug|Any CPU.Build.0 = Debug|Any CPU
		{4B2084F8-77F8-4BAD-A3B6-C6737F709141}.Release|Any CPU.ActiveCfg = Release|Any CPU
		{4B2084F8-77F8-4BAD-A3B6-C6737F709141}.Release|Any CPU.Build.0 = Release|Any CPU
		{7AFF1F94-961C-48E8-9447-478158E75A7F}.Debug|Any CPU.ActiveCfg = Debug|Any CPU
		{7AFF1F94-961C-48E8-9447-478158E75A7F}.Debug|Any CPU.Build.0 = Debug|Any CPU
		{7AFF1F94-961C-48E8-9447-478158E75A7F}.Release|Any CPU.ActiveCfg = Release|Any CPU
		{7AFF1F94-961C-48E8-9447-478158E75A7F}.Release|Any CPU.Build.0 = Release|Any CPU
		{78699405-7631-4081-96D4-5886E4F380EF}.Debug|Any CPU.ActiveCfg = Debug|Any CPU
		{78699405-7631-4081-96D4-5886E4F380EF}.Debug|Any CPU.Build.0 = Debug|Any CPU
		{78699405-7631-4081-96D4-5886E4F380EF}.Release|Any CPU.ActiveCfg = Release|Any CPU
		{78699405-7631-4081-96D4-5886E4F380EF}.Release|Any CPU.Build.0 = Release|Any CPU
		{1257F1DC-2AC2-4C4B-ADD5-D4DC2BADFF66}.Debug|Any CPU.ActiveCfg = Debug|Any CPU
		{1257F1DC-2AC2-4C4B-ADD5-D4DC2BADFF66}.Debug|Any CPU.Build.0 = Debug|Any CPU
		{1257F1DC-2AC2-4C4B-ADD5-D4DC2BADFF66}.Release|Any CPU.ActiveCfg = Release|Any CPU
		{1257F1DC-2AC2-4C4B-ADD5-D4DC2BADFF66}.Release|Any CPU.Build.0 = Release|Any CPU
		{7E0A93AE-084A-4AEF-852C-21BF5CB6DCA5}.Debug|Any CPU.ActiveCfg = Debug|Any CPU
		{7E0A93AE-084A-4AEF-852C-21BF5CB6DCA5}.Debug|Any CPU.Build.0 = Debug|Any CPU
		{7E0A93AE-084A-4AEF-852C-21BF5CB6DCA5}.Release|Any CPU.ActiveCfg = Release|Any CPU
		{7E0A93AE-084A-4AEF-852C-21BF5CB6DCA5}.Release|Any CPU.Build.0 = Release|Any CPU
		{AFB753E5-894E-4064-B205-1263364061B6}.Debug|Any CPU.ActiveCfg = Debug|Any CPU
		{AFB753E5-894E-4064-B205-1263364061B6}.Debug|Any CPU.Build.0 = Debug|Any CPU
		{AFB753E5-894E-4064-B205-1263364061B6}.Release|Any CPU.ActiveCfg = Release|Any CPU
		{AFB753E5-894E-4064-B205-1263364061B6}.Release|Any CPU.Build.0 = Release|Any CPU
		{385C1A53-B40B-4F4A-B4C0-92DE1A4A748C}.Debug|Any CPU.ActiveCfg = Debug|Any CPU
		{385C1A53-B40B-4F4A-B4C0-92DE1A4A748C}.Debug|Any CPU.Build.0 = Debug|Any CPU
		{385C1A53-B40B-4F4A-B4C0-92DE1A4A748C}.Release|Any CPU.ActiveCfg = Release|Any CPU
		{385C1A53-B40B-4F4A-B4C0-92DE1A4A748C}.Release|Any CPU.Build.0 = Release|Any CPU
		{019EE6D4-601A-4E52-8F6E-15E69B725FA6}.Debug|Any CPU.ActiveCfg = Debug|Any CPU
		{019EE6D4-601A-4E52-8F6E-15E69B725FA6}.Debug|Any CPU.Build.0 = Debug|Any CPU
		{019EE6D4-601A-4E52-8F6E-15E69B725FA6}.Release|Any CPU.ActiveCfg = Release|Any CPU
		{019EE6D4-601A-4E52-8F6E-15E69B725FA6}.Release|Any CPU.Build.0 = Release|Any CPU
		{DB5DEDF9-9B5B-4B96-9C35-4CE691D6EE04}.Debug|Any CPU.ActiveCfg = Debug|Any CPU
		{DB5DEDF9-9B5B-4B96-9C35-4CE691D6EE04}.Debug|Any CPU.Build.0 = Debug|Any CPU
		{DB5DEDF9-9B5B-4B96-9C35-4CE691D6EE04}.Release|Any CPU.ActiveCfg = Release|Any CPU
		{DB5DEDF9-9B5B-4B96-9C35-4CE691D6EE04}.Release|Any CPU.Build.0 = Release|Any CPU
		{EE004535-D66A-4059-97BA-D97B9E082A4C}.Debug|Any CPU.ActiveCfg = Debug|Any CPU
		{EE004535-D66A-4059-97BA-D97B9E082A4C}.Debug|Any CPU.Build.0 = Debug|Any CPU
		{EE004535-D66A-4059-97BA-D97B9E082A4C}.Release|Any CPU.ActiveCfg = Release|Any CPU
		{EE004535-D66A-4059-97BA-D97B9E082A4C}.Release|Any CPU.Build.0 = Release|Any CPU
		{970B455B-BBA0-4AD5-B0AE-72118399DF18}.Debug|Any CPU.ActiveCfg = Debug|Any CPU
		{970B455B-BBA0-4AD5-B0AE-72118399DF18}.Debug|Any CPU.Build.0 = Debug|Any CPU
		{970B455B-BBA0-4AD5-B0AE-72118399DF18}.Release|Any CPU.ActiveCfg = Release|Any CPU
		{970B455B-BBA0-4AD5-B0AE-72118399DF18}.Release|Any CPU.Build.0 = Release|Any CPU
		{50C68C5E-3C20-470E-B538-AE7452904B47}.Debug|Any CPU.ActiveCfg = Debug|Any CPU
		{50C68C5E-3C20-470E-B538-AE7452904B47}.Debug|Any CPU.Build.0 = Debug|Any CPU
		{50C68C5E-3C20-470E-B538-AE7452904B47}.Release|Any CPU.ActiveCfg = Release|Any CPU
		{50C68C5E-3C20-470E-B538-AE7452904B47}.Release|Any CPU.Build.0 = Release|Any CPU
		{A0EFA04E-C65F-4741-99D5-48EB59AB1D93}.Debug|Any CPU.ActiveCfg = Debug|Any CPU
		{A0EFA04E-C65F-4741-99D5-48EB59AB1D93}.Debug|Any CPU.Build.0 = Debug|Any CPU
		{A0EFA04E-C65F-4741-99D5-48EB59AB1D93}.Release|Any CPU.ActiveCfg = Release|Any CPU
		{A0EFA04E-C65F-4741-99D5-48EB59AB1D93}.Release|Any CPU.Build.0 = Release|Any CPU
		{D440D4B5-159D-40B3-9FA2-AA7C14660D97}.Debug|Any CPU.ActiveCfg = Debug|Any CPU
		{D440D4B5-159D-40B3-9FA2-AA7C14660D97}.Debug|Any CPU.Build.0 = Debug|Any CPU
		{D440D4B5-159D-40B3-9FA2-AA7C14660D97}.Release|Any CPU.ActiveCfg = Release|Any CPU
		{D440D4B5-159D-40B3-9FA2-AA7C14660D97}.Release|Any CPU.Build.0 = Release|Any CPU
		{929B85E2-1204-438C-AEE2-53C7BB8AC4AB}.Debug|Any CPU.ActiveCfg = Debug|Any CPU
		{929B85E2-1204-438C-AEE2-53C7BB8AC4AB}.Debug|Any CPU.Build.0 = Debug|Any CPU
		{929B85E2-1204-438C-AEE2-53C7BB8AC4AB}.Release|Any CPU.ActiveCfg = Release|Any CPU
		{929B85E2-1204-438C-AEE2-53C7BB8AC4AB}.Release|Any CPU.Build.0 = Release|Any CPU
	EndGlobalSection
	GlobalSection(SolutionProperties) = preSolution
		HideSolutionNode = FALSE
	EndGlobalSection
	GlobalSection(NestedProjects) = preSolution
		{15861C53-DF9D-45C0-A6FD-77E09E168B1F} = {96B5AC83-22FF-4108-904B-626AF115BFEE}
		{CE03CB2E-0824-40BF-820F-D7FCC56EF689} = {96B5AC83-22FF-4108-904B-626AF115BFEE}
		{745C9394-8B95-4469-A9AF-0AEC26C3986B} = {96B5AC83-22FF-4108-904B-626AF115BFEE}
		{68658A7C-0282-4AAE-BB25-69B92BE2E590} = {2A522F05-17E0-4B51-9DC0-0A295225D719}
		{A78B0FE8-7822-4478-8170-CD7A16ECB49E} = {2A522F05-17E0-4B51-9DC0-0A295225D719}
		{FAB36186-5F0B-4A89-A9D6-B50CAD23D316} = {2A522F05-17E0-4B51-9DC0-0A295225D719}
		{33A473B7-4DD0-4BF0-B378-689B58065D9C} = {73108C91-4D54-4E37-BFB7-8E78DCEC4EC3}
		{CAE13E7C-B1AD-456C-9D1D-E0ADDF246532} = {73108C91-4D54-4E37-BFB7-8E78DCEC4EC3}
		{90ACEB94-9B13-4BE1-B3AC-EBA9AF9F8CC0} = {73108C91-4D54-4E37-BFB7-8E78DCEC4EC3}
		{4B2084F8-77F8-4BAD-A3B6-C6737F709141} = {3757BB85-C971-4CEB-822E-B4D82399F790}
		{7AFF1F94-961C-48E8-9447-478158E75A7F} = {3757BB85-C971-4CEB-822E-B4D82399F790}
		{78699405-7631-4081-96D4-5886E4F380EF} = {3757BB85-C971-4CEB-822E-B4D82399F790}
		{1257F1DC-2AC2-4C4B-ADD5-D4DC2BADFF66} = {8344A761-2B76-4103-B425-CEA7A98CD285}
		{7E0A93AE-084A-4AEF-852C-21BF5CB6DCA5} = {8344A761-2B76-4103-B425-CEA7A98CD285}
		{AFB753E5-894E-4064-B205-1263364061B6} = {8344A761-2B76-4103-B425-CEA7A98CD285}
		{385C1A53-B40B-4F4A-B4C0-92DE1A4A748C} = {CCBAE207-1633-4F25-8B22-2A9A9C1DCEEC}
		{019EE6D4-601A-4E52-8F6E-15E69B725FA6} = {CCBAE207-1633-4F25-8B22-2A9A9C1DCEEC}
		{DB5DEDF9-9B5B-4B96-9C35-4CE691D6EE04} = {CCBAE207-1633-4F25-8B22-2A9A9C1DCEEC}
		{EE004535-D66A-4059-97BA-D97B9E082A4C} = {E33473A5-A346-48F0-8AF1-4D5366738490}
		{970B455B-BBA0-4AD5-B0AE-72118399DF18} = {E33473A5-A346-48F0-8AF1-4D5366738490}
		{50C68C5E-3C20-470E-B538-AE7452904B47} = {E33473A5-A346-48F0-8AF1-4D5366738490}
		{A0EFA04E-C65F-4741-99D5-48EB59AB1D93} = {02EA681E-C7D8-13C7-8484-4AC65E1B71E8}
		{D440D4B5-159D-40B3-9FA2-AA7C14660D97} = {02EA681E-C7D8-13C7-8484-4AC65E1B71E8}
		{929B85E2-1204-438C-AEE2-53C7BB8AC4AB} = {02EA681E-C7D8-13C7-8484-4AC65E1B71E8}
	EndGlobalSection
	GlobalSection(ExtensibilityGlobals) = postSolution
		SolutionGuid = {AA4D289C-3423-4A21-BF36-957CE7BC93B2}
	EndGlobalSection
EndGlobal
